{
  "name": "messagebuslistener",
  "version": "1.0.0",
  "lockfileVersion": 3,
  "requires": true,
  "packages": {
    "": {
      "name": "messagebuslistener",
      "version": "1.0.0",
      "license": "ISC",
      "dependencies": {
        "stompit": "^1.0.0",
        "ws": "^8.18.0"
      }
    },
    "node_modules/qs": {
      "version": "6.9.7",
      "resolved": "https://registry.npmjs.org/qs/-/qs-6.9.7.tgz",
      "integrity": "sha512-IhMFgUmuNpyRfxA90umL7ByLlgRXu6tIfKPpF5TmcfRLlLCckfP/g3IQmju6jjpu+Hh8rA+2p6A27ZSPOOHdKw==",
      "license": "BSD-3-Clause",
      "engines": {
        "node": ">=0.6"
      },
      "funding": {
        "url": "https://github.com/sponsors/ljharb"
      }
    },
    "node_modules/stompit": {
      "version": "1.0.0",
      "resolved": "https://registry.npmjs.org/stompit/-/stompit-1.0.0.tgz",
      "integrity": "sha512-He+ZV41LyCs4WNpMT9WFAuhQ6cUNhzfa+PsRlf7qxGIfMhDCUncnD9V7Cwvo8tzvpnwVyRB2BDG3R7I2Gbv4Ww==",
      "license": "MIT",
      "dependencies": {
        "qs": "~6.9.1"
      },
      "engines": {
        "node": ">=8.6.0"
      }
    },
    "node_modules/ws": {
      "version": "8.18.0",
      "resolved": "https://registry.npmjs.org/ws/-/ws-8.18.0.tgz",
      "integrity": "sha512-8VbfWfHLbbwu3+N6OKsOMpBdT4kXPDDB9cJk2bJ6mh9ucxdlnNvH1e+roYkKmN9Nxw2yjz7VzeO9oOz2zJ04Pw==",
      "license": "MIT",
      "engines": {
        "node": ">=10.0.0"
      },
      "peerDependencies": {
        "bufferutil": "^4.0.1",
        "utf-8-validate": ">=5.0.2"
      },
      "peerDependenciesMeta": {
        "bufferutil": {
          "optional": true
        },
        "utf-8-validate": {
          "optional": true
        }
      }
    }
  }
}
